
Microsoft Visual Studio Solution File, Format Version 12.00
# Visual Studio Version 17
VisualStudioVersion = 17.10.34928.147
MinimumVisualStudioVersion = 10.0.40219.1
Project("{FAE04EC0-301F-11D3-BF4B-00C04F79EFBC}") = "Conhecendo ferramentas do vs com c#", "Conhecendo ferramentas do vs com c#.csproj", "{D16A1237-F2AD-4BFB-8A7F-4A2BCA34FE3C}"
EndProject
Global
	GlobalSection(SolutionConfigurationPlatforms) = preSolution
		Debug|Any CPU = Debug|Any CPU
		Release|Any CPU = Release|Any CPU
	EndGlobalSection
	GlobalSection(ProjectConfigurationPlatforms) = postSolution
		{D16A1237-F2AD-4BFB-8A7F-4A2BCA34FE3C}.Debug|Any CPU.ActiveCfg = Debug|Any CPU
		{D16A1237-F2AD-4BFB-8A7F-4A2BCA34FE3C}.Debug|Any CPU.Build.0 = Debug|Any CPU
		{D16A1237-F2AD-4BFB-8A7F-4A2BCA34FE3C}.Release|Any CPU.ActiveCfg = Release|Any CPU
		{D16A1237-F2AD-4BFB-8A7F-4A2BCA34FE3C}.Release|Any CPU.Build.0 = Release|Any CPU
	EndGlobalSection
	GlobalSection(SolutionProperties) = preSolution
		HideSolutionNode = FALSE
	EndGlobalSection
	GlobalSection(ExtensibilityGlobals) = postSolution
		SolutionGuid = {6D18B101-3B84-41EE-94AE-4E821F6963C1}
	EndGlobalSection
EndGlobal
